# THIS IS AN AUTOGENERATED FILE. DO NOT EDIT THIS FILE DIRECTLY.
# yarn lockfile v1


"@babel/code-frame@^7.22.13":
  version "7.22.13"
  resolved "https://registry.yarnpkg.com/@babel/code-frame/-/code-frame-7.22.13.tgz#e3c1c099402598483b7a8c46a721d1038803755e"
  integrity sha512-XktuhWlJ5g+3TJXc5upd9Ks1HutSArik6jf2eAjYFyIOf4ej3RN+184cZbzDvbPnuTJIUhPKKJE3cIsYTiAT3w==
  dependencies:
    "@babel/highlight" "^7.22.13"
    chalk "^2.4.2"

"@babel/helper-validator-identifier@^7.22.5":
  version "7.22.15"
  resolved "https://registry.yarnpkg.com/@babel/helper-validator-identifier/-/helper-validator-identifier-7.22.15.tgz#601fa28e4cc06786c18912dca138cec73b882044"
  integrity sha512-4E/F9IIEi8WR94324mbDUMo074YTheJmd7eZF5vITTeYchqAi6sYXRLHUVsmkdmY4QjfKTcB2jB7dVP3NaBElQ==

"@babel/highlight@^7.22.13":
  version "7.22.13"
  resolved "https://registry.yarnpkg.com/@babel/highlight/-/highlight-7.22.13.tgz#9cda839e5d3be9ca9e8c26b6dd69e7548f0cbf16"
  integrity sha512-C/BaXcnnvBCmHTpz/VGZ8jgtE2aYlW4hxDhseJAWZb7gqGM/qtCK6iZUb0TyKFf7BOUsBH7Q7fkRsDRhg1XklQ==
  dependencies:
    "@babel/helper-validator-identifier" "^7.22.5"
    chalk "^2.4.2"
    js-tokens "^4.0.0"

"@esbuild/android-arm64@0.19.2":
  version "0.19.2"
  resolved "https://registry.yarnpkg.com/@esbuild/android-arm64/-/android-arm64-0.19.2.tgz#bc35990f412a749e948b792825eef7df0ce0e073"
  integrity sha512-lsB65vAbe90I/Qe10OjkmrdxSX4UJDjosDgb8sZUKcg3oefEuW2OT2Vozz8ef7wrJbMcmhvCC+hciF8jY/uAkw==

"@esbuild/android-arm@0.19.2":
  version "0.19.2"
  resolved "https://registry.yarnpkg.com/@esbuild/android-arm/-/android-arm-0.19.2.tgz#edd1c8f23ba353c197f5b0337123c58ff2a56999"
  integrity sha512-tM8yLeYVe7pRyAu9VMi/Q7aunpLwD139EY1S99xbQkT4/q2qa6eA4ige/WJQYdJ8GBL1K33pPFhPfPdJ/WzT8Q==

"@esbuild/android-x64@0.19.2":
  version "0.19.2"
  resolved "https://registry.yarnpkg.com/@esbuild/android-x64/-/android-x64-0.19.2.tgz#2dcdd6e6f1f2d82ea1b746abd8da5b284960f35a"
  integrity sha512-qK/TpmHt2M/Hg82WXHRc/W/2SGo/l1thtDHZWqFq7oi24AjZ4O/CpPSu6ZuYKFkEgmZlFoa7CooAyYmuvnaG8w==

"@esbuild/darwin-arm64@0.19.2":
  version "0.19.2"
  resolved "https://registry.yarnpkg.com/@esbuild/darwin-arm64/-/darwin-arm64-0.19.2.tgz#55b36bc06d76f5c243987c1f93a11a80d8fc3b26"
  integrity sha512-Ora8JokrvrzEPEpZO18ZYXkH4asCdc1DLdcVy8TGf5eWtPO1Ie4WroEJzwI52ZGtpODy3+m0a2yEX9l+KUn0tA==

"@esbuild/darwin-x64@0.19.2":
  version "0.19.2"
  resolved "https://registry.yarnpkg.com/@esbuild/darwin-x64/-/darwin-x64-0.19.2.tgz#982524af33a6424a3b5cb44bbd52559623ad719c"
  integrity sha512-tP+B5UuIbbFMj2hQaUr6EALlHOIOmlLM2FK7jeFBobPy2ERdohI4Ka6ZFjZ1ZYsrHE/hZimGuU90jusRE0pwDw==

"@esbuild/freebsd-arm64@0.19.2":
  version "0.19.2"
  resolved "https://registry.yarnpkg.com/@esbuild/freebsd-arm64/-/freebsd-arm64-0.19.2.tgz#8e478a0856645265fe79eac4b31b52193011ee06"
  integrity sha512-YbPY2kc0acfzL1VPVK6EnAlig4f+l8xmq36OZkU0jzBVHcOTyQDhnKQaLzZudNJQyymd9OqQezeaBgkTGdTGeQ==

"@esbuild/freebsd-x64@0.19.2":
  version "0.19.2"
  resolved "https://registry.yarnpkg.com/@esbuild/freebsd-x64/-/freebsd-x64-0.19.2.tgz#01b96604f2540db023c73809bb8ae6cd1692d6f3"
  integrity sha512-nSO5uZT2clM6hosjWHAsS15hLrwCvIWx+b2e3lZ3MwbYSaXwvfO528OF+dLjas1g3bZonciivI8qKR/Hm7IWGw==

"@esbuild/linux-arm64@0.19.2":
  version "0.19.2"
  resolved "https://registry.yarnpkg.com/@esbuild/linux-arm64/-/linux-arm64-0.19.2.tgz#7e5d2c7864c5c83ec789b59c77cd9c20d2594916"
  integrity sha512-ig2P7GeG//zWlU0AggA3pV1h5gdix0MA3wgB+NsnBXViwiGgY77fuN9Wr5uoCrs2YzaYfogXgsWZbm+HGr09xg==

"@esbuild/linux-arm@0.19.2":
  version "0.19.2"
  resolved "https://registry.yarnpkg.com/@esbuild/linux-arm/-/linux-arm-0.19.2.tgz#c32ae97bc0246664a1cfbdb4a98e7b006d7db8ae"
  integrity sha512-Odalh8hICg7SOD7XCj0YLpYCEc+6mkoq63UnExDCiRA2wXEmGlK5JVrW50vZR9Qz4qkvqnHcpH+OFEggO3PgTg==

"@esbuild/linux-ia32@0.19.2":
  version "0.19.2"
  resolved "https://registry.yarnpkg.com/@esbuild/linux-ia32/-/linux-ia32-0.19.2.tgz#3fc4f0fa026057fe885e4a180b3956e704f1ceaa"
  integrity sha512-mLfp0ziRPOLSTek0Gd9T5B8AtzKAkoZE70fneiiyPlSnUKKI4lp+mGEnQXcQEHLJAcIYDPSyBvsUbKUG2ri/XQ==

"@esbuild/linux-loong64@0.19.2":
  version "0.19.2"
  resolved "https://registry.yarnpkg.com/@esbuild/linux-loong64/-/linux-loong64-0.19.2.tgz#633bcaea443f3505fb0ed109ab840c99ad3451a4"
  integrity sha512-hn28+JNDTxxCpnYjdDYVMNTR3SKavyLlCHHkufHV91fkewpIyQchS1d8wSbmXhs1fiYDpNww8KTFlJ1dHsxeSw==

"@esbuild/linux-mips64el@0.19.2":
  version "0.19.2"
  resolved "https://registry.yarnpkg.com/@esbuild/linux-mips64el/-/linux-mips64el-0.19.2.tgz#e0bff2898c46f52be7d4dbbcca8b887890805823"
  integrity sha512-KbXaC0Sejt7vD2fEgPoIKb6nxkfYW9OmFUK9XQE4//PvGIxNIfPk1NmlHmMg6f25x57rpmEFrn1OotASYIAaTg==

"@esbuild/linux-ppc64@0.19.2":
  version "0.19.2"
  resolved "https://registry.yarnpkg.com/@esbuild/linux-ppc64/-/linux-ppc64-0.19.2.tgz#d75798da391f54a9674f8c143b9a52d1dbfbfdde"
  integrity sha512-dJ0kE8KTqbiHtA3Fc/zn7lCd7pqVr4JcT0JqOnbj4LLzYnp+7h8Qi4yjfq42ZlHfhOCM42rBh0EwHYLL6LEzcw==

"@esbuild/linux-riscv64@0.19.2":
  version "0.19.2"
  resolved "https://registry.yarnpkg.com/@esbuild/linux-riscv64/-/linux-riscv64-0.19.2.tgz#012409bd489ed1bb9b775541d4a46c5ded8e6dd8"
  integrity sha512-7Z/jKNFufZ/bbu4INqqCN6DDlrmOTmdw6D0gH+6Y7auok2r02Ur661qPuXidPOJ+FSgbEeQnnAGgsVynfLuOEw==

"@esbuild/linux-s390x@0.19.2":
  version "0.19.2"
  resolved "https://registry.yarnpkg.com/@esbuild/linux-s390x/-/linux-s390x-0.19.2.tgz#ece3ed75c5a150de8a5c110f02e97d315761626b"
  integrity sha512-U+RinR6aXXABFCcAY4gSlv4CL1oOVvSSCdseQmGO66H+XyuQGZIUdhG56SZaDJQcLmrSfRmx5XZOWyCJPRqS7g==

"@esbuild/linux-x64@0.19.2":
  version "0.19.2"
  resolved "https://registry.yarnpkg.com/@esbuild/linux-x64/-/linux-x64-0.19.2.tgz#dea187019741602d57aaf189a80abba261fbd2aa"
  integrity sha512-oxzHTEv6VPm3XXNaHPyUTTte+3wGv7qVQtqaZCrgstI16gCuhNOtBXLEBkBREP57YTd68P0VgDgG73jSD8bwXQ==

"@esbuild/netbsd-x64@0.19.2":
  version "0.19.2"
  resolved "https://registry.yarnpkg.com/@esbuild/netbsd-x64/-/netbsd-x64-0.19.2.tgz#bbfd7cf9ab236a23ee3a41b26f0628c57623d92a"
  integrity sha512-WNa5zZk1XpTTwMDompZmvQLHszDDDN7lYjEHCUmAGB83Bgs20EMs7ICD+oKeT6xt4phV4NDdSi/8OfjPbSbZfQ==

"@esbuild/openbsd-x64@0.19.2":
  version "0.19.2"
  resolved "https://registry.yarnpkg.com/@esbuild/openbsd-x64/-/openbsd-x64-0.19.2.tgz#fa5c4c6ee52a360618f00053652e2902e1d7b4a7"
  integrity sha512-S6kI1aT3S++Dedb7vxIuUOb3oAxqxk2Rh5rOXOTYnzN8JzW1VzBd+IqPiSpgitu45042SYD3HCoEyhLKQcDFDw==

"@esbuild/sunos-x64@0.19.2":
  version "0.19.2"
  resolved "https://registry.yarnpkg.com/@esbuild/sunos-x64/-/sunos-x64-0.19.2.tgz#52a2ac8ac6284c02d25df22bb4cfde26fbddd68d"
  integrity sha512-VXSSMsmb+Z8LbsQGcBMiM+fYObDNRm8p7tkUDMPG/g4fhFX5DEFmjxIEa3N8Zr96SjsJ1woAhF0DUnS3MF3ARw==

"@esbuild/win32-arm64@0.19.2":
  version "0.19.2"
  resolved "https://registry.yarnpkg.com/@esbuild/win32-arm64/-/win32-arm64-0.19.2.tgz#719ed5870855de8537aef8149694a97d03486804"
  integrity sha512-5NayUlSAyb5PQYFAU9x3bHdsqB88RC3aM9lKDAz4X1mo/EchMIT1Q+pSeBXNgkfNmRecLXA0O8xP+x8V+g/LKg==

"@esbuild/win32-ia32@0.19.2":
  version "0.19.2"
  resolved "https://registry.yarnpkg.com/@esbuild/win32-ia32/-/win32-ia32-0.19.2.tgz#24832223880b0f581962c8660f8fb8797a1e046a"
  integrity sha512-47gL/ek1v36iN0wL9L4Q2MFdujR0poLZMJwhO2/N3gA89jgHp4MR8DKCmwYtGNksbfJb9JoTtbkoe6sDhg2QTA==

"@esbuild/win32-x64@0.19.2":
  version "0.19.2"
  resolved "https://registry.yarnpkg.com/@esbuild/win32-x64/-/win32-x64-0.19.2.tgz#1205014625790c7ff0e471644a878a65d1e34ab0"
  integrity sha512-tcuhV7ncXBqbt/Ybf0IyrMcwVOAPDckMK9rXNHtF17UTK18OKLpg08glminN06pt2WCoALhXdLfSPbVvK/6fxw==

"@jridgewell/sourcemap-codec@^1.4.15":
  version "1.4.15"
  resolved "https://registry.yarnpkg.com/@jridgewell/sourcemap-codec/-/sourcemap-codec-1.4.15.tgz#d7c6e6755c78567a951e04ab52ef0fd26de59f32"
  integrity sha512-eF2rxCRulEKXHTRiDrDy6erMYWqNw4LPdQ8UQA4huuxaQsVeRPFl2oM8oDGxMFhJUWZf9McpLtJasDDZb/Bpeg==

"@rollup/pluginutils@^5.0.1":
  version "5.0.4"
  resolved "https://registry.yarnpkg.com/@rollup/pluginutils/-/pluginutils-5.0.4.tgz#74f808f9053d33bafec0cc98e7b835c9667d32ba"
  integrity sha512-0KJnIoRI8A+a1dqOYLxH8vBf8bphDmty5QvIm2hqm7oFCFYKCAZWWd2hXgMibaPsNDhI0AtpYfQZJG47pt/k4g==
  dependencies:
    "@types/estree" "^1.0.0"
    estree-walker "^2.0.2"
    picomatch "^2.3.1"

"@types/estree@^1.0.0":
  version "1.0.1"
  resolved "https://registry.yarnpkg.com/@types/estree/-/estree-1.0.1.tgz#aa22750962f3bf0e79d753d3cc067f010c95f194"
  integrity sha512-LG4opVs2ANWZ1TJoKc937iMmNstM/d0ae1vNbnBvBhqCSezgVUOzcLCqbI5elV8Vy6WKwKjaqR+zO9VKirBBCA==

ansi-styles@^3.2.1:
  version "3.2.1"
  resolved "https://registry.yarnpkg.com/ansi-styles/-/ansi-styles-3.2.1.tgz#41fbb20243e50b12be0f04b8dedbf07520ce841d"
  integrity sha512-VT0ZI6kZRdTh8YyJw3SMbYm/u+NqfsAxEpWO0Pf9sq8/e94WxxOpPKx9FR1FlyCtOVDNOQ+8ntlqFxiRc+r5qA==
  dependencies:
    color-convert "^1.9.0"

chalk@^2.4.2:
  version "2.4.2"
  resolved "https://registry.yarnpkg.com/chalk/-/chalk-2.4.2.tgz#cd42541677a54333cf541a49108c1432b44c9424"
  integrity sha512-Mti+f9lpJNcwF4tWV8/OrTTtF1gZi+f8FqlyAdouralcFWFQWF2+NgCHShjkCb+IFBLq9buZwE1xckQU4peSuQ==
  dependencies:
    ansi-styles "^3.2.1"
    escape-string-regexp "^1.0.5"
    supports-color "^5.3.0"

color-convert@^1.9.0:
  version "1.9.3"
  resolved "https://registry.yarnpkg.com/color-convert/-/color-convert-1.9.3.tgz#bb71850690e1f136567de629d2d5471deda4c1e8"
  integrity sha512-QfAUtd+vFdAtFQcC8CCyYt1fYWxSqAiK2cSD6zDB8N3cpsEBAvRxp9zOGg6G/SHHJYAT88/az/IuDGALsNVbGg==
  dependencies:
    color-name "1.1.3"

color-name@1.1.3:
  version "1.1.3"
  resolved "https://registry.yarnpkg.com/color-name/-/color-name-1.1.3.tgz#a7d0558bd89c42f795dd42328f740831ca53bc25"
  integrity sha512-72fSenhMw2HZMTVHeCA9KCmpEIbzWiQsjN+BHcBbS9vr1mtt+vJjPdksIBNUmKAW8TFUDPJK5SUU3QhE9NEXDw==

debug@^4.3.4:
  version "4.3.4"
  resolved "https://registry.yarnpkg.com/debug/-/debug-4.3.4.tgz#1319f6579357f2338d3337d2cdd4914bb5dcc865"
  integrity sha512-PRWFHuSU3eDtQJPvnNY7Jcket1j0t5OuOsFzPPzsekD52Zl8qUfFIPEiswXqIvHWGVHOgX+7G/vCNNhehwxfkQ==
  dependencies:
    ms "2.1.2"

es-module-lexer@^1.0.5:
  version "1.3.1"
  resolved "https://registry.yarnpkg.com/es-module-lexer/-/es-module-lexer-1.3.1.tgz#c1b0dd5ada807a3b3155315911f364dc4e909db1"
  integrity sha512-JUFAyicQV9mXc3YRxPnDlrfBKpqt6hUYzz9/boprUJHs4e4KVr3XwOF70doO6gwXUor6EWZJAyWAfKki84t20Q==

esbuild@^0.19.2:
  version "0.19.2"
  resolved "https://registry.yarnpkg.com/esbuild/-/esbuild-0.19.2.tgz#b1541828a89dfb6f840d38538767c6130dca2aac"
  integrity sha512-G6hPax8UbFakEj3hWO0Vs52LQ8k3lnBhxZWomUJDxfz3rZTLqF5k/FCzuNdLx2RbpBiQQF9H9onlDDH1lZsnjg==
  optionalDependencies:
    "@esbuild/android-arm" "0.19.2"
    "@esbuild/android-arm64" "0.19.2"
    "@esbuild/android-x64" "0.19.2"
    "@esbuild/darwin-arm64" "0.19.2"
    "@esbuild/darwin-x64" "0.19.2"
    "@esbuild/freebsd-arm64" "0.19.2"
    "@esbuild/freebsd-x64" "0.19.2"
    "@esbuild/linux-arm" "0.19.2"
    "@esbuild/linux-arm64" "0.19.2"
    "@esbuild/linux-ia32" "0.19.2"
    "@esbuild/linux-loong64" "0.19.2"
    "@esbuild/linux-mips64el" "0.19.2"
    "@esbuild/linux-ppc64" "0.19.2"
    "@esbuild/linux-riscv64" "0.19.2"
    "@esbuild/linux-s390x" "0.19.2"
    "@esbuild/linux-x64" "0.19.2"
    "@esbuild/netbsd-x64" "0.19.2"
    "@esbuild/openbsd-x64" "0.19.2"
    "@esbuild/sunos-x64" "0.19.2"
    "@esbuild/win32-arm64" "0.19.2"
    "@esbuild/win32-ia32" "0.19.2"
    "@esbuild/win32-x64" "0.19.2"

escape-string-regexp@^1.0.5:
  version "1.0.5"
  resolved "https://registry.yarnpkg.com/escape-string-regexp/-/escape-string-regexp-1.0.5.tgz#1b61c0562190a8dff6ae3bb2cf0200ca130b86d4"
  integrity sha512-vbRorB5FUQWvla16U8R/qgaFIya2qGzwDrNmCZuYKrbdSUMG6I1ZCGQRefkRVhuOkIGVne7BQ35DSfo1qvJqFg==

estree-walker@^2.0.2:
  version "2.0.2"
  resolved "https://registry.yarnpkg.com/estree-walker/-/estree-walker-2.0.2.tgz#52f010178c2a4c117a7757cfe942adb7d2da4cac"
  integrity sha512-Rfkk/Mp/DL7JVje3u18FxFujQlTNR2q6QfMSMB7AvCBx91NGj/ba3kCfza0f6dVDbw7YlRf/nDrn7pQrCCyQ/w==

fsevents@~2.3.2:
  version "2.3.3"
  resolved "https://registry.yarnpkg.com/fsevents/-/fsevents-2.3.3.tgz#cac6407785d03675a2a5e1a5305c697b347d90d6"
  integrity sha512-5xoDfX+fL7faATnagmWPpbFtwh/R77WmMMqqHGS65C3vvB0YHrgF+B1YmZ3441tMj5n63k0212XNoJwzlhffQw==

has-flag@^3.0.0:
  version "3.0.0"
  resolved "https://registry.yarnpkg.com/has-flag/-/has-flag-3.0.0.tgz#b5d454dc2199ae225699f3467e5a07f3b955bafd"
  integrity sha512-sKJf1+ceQBr4SMkvQnBDNDtf4TXpVhVGateu0t918bl30FnbE2m4vNLX+VWe/dpjlb+HugGYzW7uQXH98HPEYw==

joycon@^3.1.1:
  version "3.1.1"
  resolved "https://registry.yarnpkg.com/joycon/-/joycon-3.1.1.tgz#bce8596d6ae808f8b68168f5fc69280996894f03"
  integrity sha512-34wB/Y7MW7bzjKRjUKTa46I2Z7eV62Rkhva+KkopW7Qvv/OSWBqvkSY7vusOPrNuZcUG3tApvdVgNB8POj3SPw==

js-tokens@^4.0.0:
  version "4.0.0"
  resolved "https://registry.yarnpkg.com/js-tokens/-/js-tokens-4.0.0.tgz#19203fb59991df98e3a287050d4647cdeaf32499"
  integrity sha512-RdJUflcE3cUzKiMqQgsCu06FPu9UdIJO0beYbPhHN4k6apgJtifcoCtT9bcxOpYBtpD2kCM6Sbzg4CausW/PKQ==

jsonc-parser@^3.2.0:
  version "3.2.0"
  resolved "https://registry.yarnpkg.com/jsonc-parser/-/jsonc-parser-3.2.0.tgz#31ff3f4c2b9793f89c67212627c51c6394f88e76"
  integrity sha512-gfFQZrcTc8CnKXp6Y4/CBT3fTc0OVuDofpre4aEeEpSBPV5X5v4+Vmx+8snU7RLPrNHPKSgLxGo9YuQzz20o+w==

magic-string@^0.30.3:
  version "0.30.3"
  resolved "https://registry.yarnpkg.com/magic-string/-/magic-string-0.30.3.tgz#403755dfd9d6b398dfa40635d52e96c5ac095b85"
  integrity sha512-B7xGbll2fG/VjP+SWg4sX3JynwIU0mjoTc6MPpKNuIvftk6u6vqhDnk1R80b8C2GBR6ywqy+1DcKBrevBg+bmw==
  dependencies:
    "@jridgewell/sourcemap-codec" "^1.4.15"

ms@2.1.2:
  version "2.1.2"
  resolved "https://registry.yarnpkg.com/ms/-/ms-2.1.2.tgz#d09d1f357b443f493382a8eb3ccd183872ae6009"
  integrity sha512-sGkPx+VjMtmA6MX27oA4FBFELFCZZ4S4XqeGOXCv68tT+jb3vk/RyaKWP0PTKyWtmLSM0b+adUTEvbs1PEaH2w==

picomatch@^2.3.1:
  version "2.3.1"
  resolved "https://registry.yarnpkg.com/picomatch/-/picomatch-2.3.1.tgz#3ba3833733646d9d3e4995946c1365a67fb07a42"
  integrity sha512-JU3teHTNjmE2VCGFzuY8EXzCDVwEqB2a8fsIvwaStHhAWJEeVd1o1QD80CU6+ZdEXXSLbSsuLwJjkCBWqRQUVA==

rollup-plugin-dts@^6.0.2:
  version "6.0.2"
  resolved "https://registry.yarnpkg.com/rollup-plugin-dts/-/rollup-plugin-dts-6.0.2.tgz#a32bd89ddca1471e9dcdcbd6dbc91e3a56734570"
  integrity sha512-GYCCy9DyE5csSuUObktJBpjNpW2iLZMabNDIiAqzQWBl7l/WHzjvtAXevf8Lftk8EA920tuxeB/g8dM8MVMR6A==
  dependencies:
    magic-string "^0.30.3"
  optionalDependencies:
    "@babel/code-frame" "^7.22.13"

rollup-plugin-esbuild@^5.0.0:
  version "5.0.0"
  resolved "https://registry.yarnpkg.com/rollup-plugin-esbuild/-/rollup-plugin-esbuild-5.0.0.tgz#6cce358f4abe164d65a0028e900b8501a15f72ef"
  integrity sha512-1cRIOHAPh8WQgdQQyyvFdeOdxuiyk+zB5zJ5+YOwrZP4cJ0MT3Fs48pQxrZeyZHcn+klFherytILVfE4aYrneg==
  dependencies:
    "@rollup/pluginutils" "^5.0.1"
    debug "^4.3.4"
    es-module-lexer "^1.0.5"
    joycon "^3.1.1"
    jsonc-parser "^3.2.0"

rollup@^3.29.1:
  version "3.29.1"
  resolved "https://registry.yarnpkg.com/rollup/-/rollup-3.29.1.tgz#ba53a179d46ac3cd79e162dca6ab70d93cd26f78"
  integrity sha512-c+ebvQz0VIH4KhhCpDsI+Bik0eT8ZFEVZEYw0cGMVqIP8zc+gnwl7iXCamTw7vzv2MeuZFZfdx5JJIq+ehzDlg==
  optionalDependencies:
    fsevents "~2.3.2"

supports-color@^5.3.0:
  version "5.5.0"
  resolved "https://registry.yarnpkg.com/supports-color/-/supports-color-5.5.0.tgz#e2e69a44ac8772f78a1ec0b35b689df6530efc8f"
  integrity sha512-QjVjwdXIt408MIiAqCX4oUKsgU2EqAGzs2Ppkm4aQYbjm+ZEWEcW4SfFNTr4uMNZma0ey4f5lgLrkB0aX0QMow==
  dependencies:
    has-flag "^3.0.0"

typescript@^5.2.2:
  version "5.2.2"
  resolved "https://registry.yarnpkg.com/typescript/-/typescript-5.2.2.tgz#5ebb5e5a5b75f085f22bc3f8460fba308310fa78"
  integrity sha512-mI4WrpHsbCIcwT9cF4FZvr80QUeKvsUsUvKDoR+X/7XHQH98xYD8YHZg7ANtz2GtZt/CBq2QJ0thkGJMHfqc1w==
